
Microsoft Visual Studio Solution File, Format Version 11.00
# Visual Studio 2010
Project("{FAE04EC0-301F-11D3-BF4B-00C04F79EFBC}") = "Assembly-CSharp", "Assembly-CSharp.csproj", "{FA2D1EB0-2906-D950-9397-FB7893AFF5E4}"
EndProject
Project("{FAE04EC0-301F-11D3-BF4B-00C04F79EFBC}") = "Assembly-CSharp-Editor", "Assembly-CSharp-Editor.csproj", "{011ECBC9-DC12-260F-FADE-82FAB5E524B9}"
EndProject
Global
	GlobalSection(SolutionConfigurationPlatforms) = preSolution
		Debug|Any CPU = Debug|Any CPU
		Release|Any CPU = Release|Any CPU
	EndGlobalSection
	GlobalSection(ProjectConfigurationPlatforms) = postSolution
		{FA2D1EB0-2906-D950-9397-FB7893AFF5E4}.Debug|Any CPU.ActiveCfg = Debug|Any CPU
		{FA2D1EB0-2906-D950-9397-FB7893AFF5E4}.Debug|Any CPU.Build.0 = Debug|Any CPU
		{FA2D1EB0-2906-D950-9397-FB7893AFF5E4}.Release|Any CPU.ActiveCfg = Release|Any CPU
		{FA2D1EB0-2906-D950-9397-FB7893AFF5E4}.Release|Any CPU.Build.0 = Release|Any CPU
		{011ECBC9-DC12-260F-FADE-82FAB5E524B9}.Debug|Any CPU.ActiveCfg = Debug|Any CPU
		{011ECBC9-DC12-260F-FADE-82FAB5E524B9}.Debug|Any CPU.Build.0 = Debug|Any CPU
		{011ECBC9-DC12-260F-FADE-82FAB5E524B9}.Release|Any CPU.ActiveCfg = Release|Any CPU
		{011ECBC9-DC12-260F-FADE-82FAB5E524B9}.Release|Any CPU.Build.0 = Release|Any CPU
	EndGlobalSection
	GlobalSection(SolutionProperties) = preSolution
		HideSolutionNode = FALSE
	EndGlobalSection
	GlobalSection(MonoDevelopProperties) = preSolution
		StartupItem = Assembly-CSharp.csproj
	EndGlobalSection
EndGlobal
